
Microsoft Visual Studio Solution File, Format Version 12.00
# Visual Studio Version 17
VisualStudioVersion = 17.8.34511.84
MinimumVisualStudioVersion = 10.0.40219.1
Project("{FAE04EC0-301F-11D3-BF4B-00C04F79EFBC}") = "workeshope-bank", "workeshope-bank\workeshope-bank.csproj", "{0E67C238-5FE3-434B-96A2-69A79923F974}"
EndProject
Global
	GlobalSection(SolutionConfigurationPlatforms) = preSolution
		Debug|Any CPU = Debug|Any CPU
		Release|Any CPU = Release|Any CPU
	EndGlobalSection
	GlobalSection(ProjectConfigurationPlatforms) = postSolution
		{0E67C238-5FE3-434B-96A2-69A79923F974}.Debug|Any CPU.ActiveCfg = Debug|Any CPU
		{0E67C238-5FE3-434B-96A2-69A79923F974}.Debug|Any CPU.Build.0 = Debug|Any CPU
		{0E67C238-5FE3-434B-96A2-69A79923F974}.Release|Any CPU.ActiveCfg = Release|Any CPU
		{0E67C238-5FE3-434B-96A2-69A79923F974}.Release|Any CPU.Build.0 = Release|Any CPU
	EndGlobalSection
	GlobalSection(SolutionProperties) = preSolution
		HideSolutionNode = FALSE
	EndGlobalSection
	GlobalSection(ExtensibilityGlobals) = postSolution
		SolutionGuid = {6567EC60-98A9-4AA4-99AA-681DC27411AB}
	EndGlobalSection
EndGlobal
